// !$*UTF8*$!
{
	archiveVersion = 1;
	classes = {
	};
	objectVersion = 77;
	objects = {

/* Begin PBXBuildFile section */
		6A0038A02EEBF3DE0027058C /* _locales in Resources */ = {isa = PBXBuildFile; fileRef = 6A00389F2EEBF3DE0027058C /* _locales */; };
		6AB4C9D12EA38F0800D882D6 /* icon.png in Resources */ = {isa = PBXBuildFile; fileRef = 6AB4C9D02EA38F0800D882D6 /* icon.png */; };
		6AEA401B2EAA29B300EC10F3 /* CHANGELOG.md in Resources */ = {isa = PBXBuildFile; fileRef = 6AEA401A2EAA29B300EC10F3 /* CHANGELOG.md */; };
		C62FBAC92DE94D2B009AD7D3 /* AppDelegate.swift in Sources */ = {isa = PBXBuildFile; fileRef = C62FBAC82DE94D2B009AD7D3 /* AppDelegate.swift */; };
		C62FBACD2DE94D2B009AD7D3 /* Main.html in Resources */ = {isa = PBXBuildFile; fileRef = C62FBACB2DE94D2B009AD7D3 /* Main.html */; };
		C62FBAD12DE94D2B009AD7D3 /* Style.css in Resources */ = {isa = PBXBuildFile; fileRef = C62FBAD02DE94D2B009AD7D3 /* Style.css */; };
		C62FBAD32DE94D2B009AD7D3 /* Script.js in Resources */ = {isa = PBXBuildFile; fileRef = C62FBAD22DE94D2B009AD7D3 /* Script.js */; };
		C62FBAD52DE94D2B009AD7D3 /* ViewController.swift in Sources */ = {isa = PBXBuildFile; fileRef = C62FBAD42DE94D2B009AD7D3 /* ViewController.swift */; };
		C62FBAD82DE94D2B009AD7D3 /* Main.storyboard in Resources */ = {isa = PBXBuildFile; fileRef = C62FBAD62DE94D2B009AD7D3 /* Main.storyboard */; };
		C62FBADA2DE94D2C009AD7D3 /* Assets.xcassets in Resources */ = {isa = PBXBuildFile; fileRef = C62FBAD92DE94D2C009AD7D3 /* Assets.xcassets */; };
		C62FBAE72DE94D2C009AD7D3 /* YouTube_No_TranslationTests.swift in Sources */ = {isa = PBXBuildFile; fileRef = C62FBAE62DE94D2C009AD7D3 /* YouTube_No_TranslationTests.swift */; };
		C62FBAF12DE94D2C009AD7D3 /* YouTube_No_TranslationUITests.swift in Sources */ = {isa = PBXBuildFile; fileRef = C62FBAF02DE94D2C009AD7D3 /* YouTube_No_TranslationUITests.swift */; };
		C62FBAF32DE94D2C009AD7D3 /* YouTube_No_TranslationUITestsLaunchTests.swift in Sources */ = {isa = PBXBuildFile; fileRef = C62FBAF22DE94D2C009AD7D3 /* YouTube_No_TranslationUITestsLaunchTests.swift */; };
		C62FBAF92DE94D2C009AD7D3 /* YouTube No Translation Extension.appex in Embed Foundation Extensions */ = {isa = PBXBuildFile; fileRef = C62FBAF82DE94D2C009AD7D3 /* YouTube No Translation Extension.appex */; settings = {ATTRIBUTES = (RemoveHeadersOnCopy, ); }; };
		C62FBAFE2DE94D2C009AD7D3 /* SafariWebExtensionHandler.swift in Sources */ = {isa = PBXBuildFile; fileRef = C62FBAFD2DE94D2C009AD7D3 /* SafariWebExtensionHandler.swift */; };
		C62FBB282DE94D2C009AD7D3 /* LICENSE in Resources */ = {isa = PBXBuildFile; fileRef = C62FBB152DE94D2C009AD7D3 /* LICENSE */; };
		C62FBB292DE94D2C009AD7D3 /* dist in Resources */ = {isa = PBXBuildFile; fileRef = C62FBB162DE94D2C009AD7D3 /* dist */; };
		C62FBB312DE94D2C009AD7D3 /* manifest.json in Resources */ = {isa = PBXBuildFile; fileRef = C62FBB1E2DE94D2C009AD7D3 /* manifest.json */; };
/* End PBXBuildFile section */

/* Begin PBXContainerItemProxy section */
		C62FBAE32DE94D2C009AD7D3 /* PBXContainerItemProxy */ = {
			isa = PBXContainerItemProxy;
			containerPortal = C62FBABD2DE94D2B009AD7D3 /* Project object */;
			proxyType = 1;
			remoteGlobalIDString = C62FBAC42DE94D2B009AD7D3;
			remoteInfo = "YouTube No Translation";
		};
		C62FBAED2DE94D2C009AD7D3 /* PBXContainerItemProxy */ = {
			isa = PBXContainerItemProxy;
			containerPortal = C62FBABD2DE94D2B009AD7D3 /* Project object */;
			proxyType = 1;
			remoteGlobalIDString = C62FBAC42DE94D2B009AD7D3;
			remoteInfo = "YouTube No Translation";
		};
		C62FBAFA2DE94D2C009AD7D3 /* PBXContainerItemProxy */ = {
			isa = PBXContainerItemProxy;
			containerPortal = C62FBABD2DE94D2B009AD7D3 /* Project object */;
			proxyType = 1;
			remoteGlobalIDString = C62FBAF72DE94D2C009AD7D3;
			remoteInfo = "YouTube No Translation Extension";
		};
/* End PBXContainerItemProxy section */

/* Begin PBXCopyFilesBuildPhase section */
		C62FBB062DE94D2C009AD7D3 /* Embed Foundation Extensions */ = {
			isa = PBXCopyFilesBuildPhase;
			buildActionMask = 2147483647;
			dstPath = "";
			dstSubfolderSpec = 13;
			files = (
				C62FBAF92DE94D2C009AD7D3 /* YouTube No Translation Extension.appex in Embed Foundation Extensions */,
			);
			name = "Embed Foundation Extensions";
			runOnlyForDeploymentPostprocessing = 0;
		};
/* End PBXCopyFilesBuildPhase section */

/* Begin PBXFileReference section */
		6A00389F2EEBF3DE0027058C /* _locales */ = {isa = PBXFileReference; lastKnownFileType = folder; name = _locales; path = ../../_locales; sourceTree = "<group>"; };
		6AB4C9D02EA38F0800D882D6 /* icon.png */ = {isa = PBXFileReference; lastKnownFileType = image.png; name = icon.png; path = ../../../../assets/icons/icon.png; sourceTree = "<group>"; };
		6AEA401A2EAA29B300EC10F3 /* CHANGELOG.md */ = {isa = PBXFileReference; lastKnownFileType = net.daringfireball.markdown; name = CHANGELOG.md; path = ../../../CHANGELOG.md; sourceTree = "<group>"; };
		C62FBAC52DE94D2B009AD7D3 /* YouTube No Translation.app */ = {isa = PBXFileReference; explicitFileType = wrapper.application; includeInIndex = 0; path = "YouTube No Translation.app"; sourceTree = BUILT_PRODUCTS_DIR; };
		C62FBAC82DE94D2B009AD7D3 /* AppDelegate.swift */ = {isa = PBXFileReference; lastKnownFileType = sourcecode.swift; path = AppDelegate.swift; sourceTree = "<group>"; };
		C62FBACC2DE94D2B009AD7D3 /* Base */ = {isa = PBXFileReference; lastKnownFileType = text.html; name = Base; path = Base.lproj/Main.html; sourceTree = "<group>"; };
		C62FBAD02DE94D2B009AD7D3 /* Style.css */ = {isa = PBXFileReference; lastKnownFileType = text.css; path = Style.css; sourceTree = "<group>"; };
		C62FBAD22DE94D2B009AD7D3 /* Script.js */ = {isa = PBXFileReference; lastKnownFileType = sourcecode.javascript; path = Script.js; sourceTree = "<group>"; };
		C62FBAD42DE94D2B009AD7D3 /* ViewController.swift */ = {isa = PBXFileReference; lastKnownFileType = sourcecode.swift; path = ViewController.swift; sourceTree = "<group>"; };
		C62FBAD72DE94D2B009AD7D3 /* Base */ = {isa = PBXFileReference; lastKnownFileType = file.storyboard; name = Base; path = Base.lproj/Main.storyboard; sourceTree = "<group>"; };
		C62FBAD92DE94D2C009AD7D3 /* Assets.xcassets */ = {isa = PBXFileReference; lastKnownFileType = folder.assetcatalog; path = Assets.xcassets; sourceTree = "<group>"; };
		C62FBADB2DE94D2C009AD7D3 /* Info.plist */ = {isa = PBXFileReference; lastKnownFileType = text.plist.xml; path = Info.plist; sourceTree = "<group>"; };
		C62FBADD2DE94D2C009AD7D3 /* YouTube No Translation.entitlements */ = {isa = PBXFileReference; lastKnownFileType = text.plist.entitlements; path = "YouTube No Translation.entitlements"; sourceTree = "<group>"; };
		C62FBAE22DE94D2C009AD7D3 /* YouTube No TranslationTests.xctest */ = {isa = PBXFileReference; explicitFileType = wrapper.cfbundle; includeInIndex = 0; path = "YouTube No TranslationTests.xctest"; sourceTree = BUILT_PRODUCTS_DIR; };
		C62FBAE62DE94D2C009AD7D3 /* YouTube_No_TranslationTests.swift */ = {isa = PBXFileReference; lastKnownFileType = sourcecode.swift; path = YouTube_No_TranslationTests.swift; sourceTree = "<group>"; };
		C62FBAEC2DE94D2C009AD7D3 /* YouTube No TranslationUITests.xctest */ = {isa = PBXFileReference; explicitFileType = wrapper.cfbundle; includeInIndex = 0; path = "YouTube No TranslationUITests.xctest"; sourceTree = BUILT_PRODUCTS_DIR; };
		C62FBAF02DE94D2C009AD7D3 /* YouTube_No_TranslationUITests.swift */ = {isa = PBXFileReference; lastKnownFileType = sourcecode.swift; path = YouTube_No_TranslationUITests.swift; sourceTree = "<group>"; };
		C62FBAF22DE94D2C009AD7D3 /* YouTube_No_TranslationUITestsLaunchTests.swift */ = {isa = PBXFileReference; lastKnownFileType = sourcecode.swift; path = YouTube_No_TranslationUITestsLaunchTests.swift; sourceTree = "<group>"; };
		C62FBAF82DE94D2C009AD7D3 /* YouTube No Translation Extension.appex */ = {isa = PBXFileReference; explicitFileType = "wrapper.app-extension"; includeInIndex = 0; path = "YouTube No Translation Extension.appex"; sourceTree = BUILT_PRODUCTS_DIR; };
		C62FBAFD2DE94D2C009AD7D3 /* SafariWebExtensionHandler.swift */ = {isa = PBXFileReference; lastKnownFileType = sourcecode.swift; path = SafariWebExtensionHandler.swift; sourceTree = "<group>"; };
		C62FBAFF2DE94D2C009AD7D3 /* Info.plist */ = {isa = PBXFileReference; lastKnownFileType = text.plist.xml; path = Info.plist; sourceTree = "<group>"; };
		C62FBB002DE94D2C009AD7D3 /* YouTube_No_Translation_Extension.entitlements */ = {isa = PBXFileReference; lastKnownFileType = text.plist.entitlements; path = YouTube_No_Translation_Extension.entitlements; sourceTree = "<group>"; };
		C62FBB122DE94D2C009AD7D3 /* tailwind.config.js */ = {isa = PBXFileReference; lastKnownFileType = sourcecode.javascript; name = tailwind.config.js; path = ../../../tailwind.config.js; sourceTree = "<group>"; };
		C62FBB152DE94D2C009AD7D3 /* LICENSE */ = {isa = PBXFileReference; lastKnownFileType = text; name = LICENSE; path = ../../../LICENSE; sourceTree = "<group>"; };
		C62FBB162DE94D2C009AD7D3 /* dist */ = {isa = PBXFileReference; lastKnownFileType = folder; name = dist; path = ../../../dist; sourceTree = "<group>"; };
		C62FBB172DE94D2C009AD7D3 /* node_modules */ = {isa = PBXFileReference; lastKnownFileType = folder; name = node_modules; path = ../../../node_modules; sourceTree = "<group>"; };
		C62FBB1B2DE94D2C009AD7D3 /* README.md */ = {isa = PBXFileReference; lastKnownFileType = net.daringfireball.markdown; name = README.md; path = ../../../README.md; sourceTree = "<group>"; };
		C62FBB1C2DE94D2C009AD7D3 /* package-lock.json */ = {isa = PBXFileReference; lastKnownFileType = text.json; name = "package-lock.json"; path = "../../../package-lock.json"; sourceTree = "<group>"; };
		C62FBB1D2DE94D2C009AD7D3 /* package.json */ = {isa = PBXFileReference; lastKnownFileType = text.json; name = package.json; path = ../../../package.json; sourceTree = "<group>"; };
		C62FBB1E2DE94D2C009AD7D3 /* manifest.json */ = {isa = PBXFileReference; lastKnownFileType = text.json; name = manifest.json; path = ../../../manifest.json; sourceTree = "<group>"; };
		C62FBB1F2DE94D2C009AD7D3 /* assets */ = {isa = PBXFileReference; lastKnownFileType = folder; name = assets; path = ../../../assets; sourceTree = "<group>"; };
		C62FBB212DE94D2C009AD7D3 /* safari-extension */ = {isa = PBXFileReference; lastKnownFileType = folder; name = "safari-extension"; path = ../..; sourceTree = "<group>"; };
		C62FBB232DE94D2C009AD7D3 /* src */ = {isa = PBXFileReference; lastKnownFileType = folder; name = src; path = ../../../src; sourceTree = "<group>"; };
/* End PBXFileReference section */

/* Begin PBXFrameworksBuildPhase section */
		C62FBAC22DE94D2B009AD7D3 /* Frameworks */ = {
			isa = PBXFrameworksBuildPhase;
			buildActionMask = 2147483647;
			files = (
			);
			runOnlyForDeploymentPostprocessing = 0;
		};
		C62FBADF2DE94D2C009AD7D3 /* Frameworks */ = {
			isa = PBXFrameworksBuildPhase;
			buildActionMask = 2147483647;
			files = (
			);
			runOnlyForDeploymentPostprocessing = 0;
		};
		C62FBAE92DE94D2C009AD7D3 /* Frameworks */ = {
			isa = PBXFrameworksBuildPhase;
			buildActionMask = 2147483647;
			files = (
			);
			runOnlyForDeploymentPostprocessing = 0;
		};
		C62FBAF52DE94D2C009AD7D3 /* Frameworks */ = {
			isa = PBXFrameworksBuildPhase;
			buildActionMask = 2147483647;
			files = (
			);
			runOnlyForDeploymentPostprocessing = 0;
		};
/* End PBXFrameworksBuildPhase section */

/* Begin PBXGroup section */
		C62FBABC2DE94D2B009AD7D3 = {
			isa = PBXGroup;
			children = (
				6A00389F2EEBF3DE0027058C /* _locales */,
				C62FBAC72DE94D2B009AD7D3 /* YouTube No Translation */,
				C62FBAE52DE94D2C009AD7D3 /* YouTube No TranslationTests */,
				C62FBAEF2DE94D2C009AD7D3 /* YouTube No TranslationUITests */,
				C62FBAFC2DE94D2C009AD7D3 /* YouTube No Translation Extension */,
				C62FBAC62DE94D2B009AD7D3 /* Products */,
			);
			sourceTree = "<group>";
		};
		C62FBAC62DE94D2B009AD7D3 /* Products */ = {
			isa = PBXGroup;
			children = (
				C62FBAC52DE94D2B009AD7D3 /* YouTube No Translation.app */,
				C62FBAE22DE94D2C009AD7D3 /* YouTube No TranslationTests.xctest */,
				C62FBAEC2DE94D2C009AD7D3 /* YouTube No TranslationUITests.xctest */,
				C62FBAF82DE94D2C009AD7D3 /* YouTube No Translation Extension.appex */,
			);
			name = Products;
			sourceTree = "<group>";
		};
		C62FBAC72DE94D2B009AD7D3 /* YouTube No Translation */ = {
			isa = PBXGroup;
			children = (
				C62FBAC82DE94D2B009AD7D3 /* AppDelegate.swift */,
				C62FBAD42DE94D2B009AD7D3 /* ViewController.swift */,
				C62FBAD62DE94D2B009AD7D3 /* Main.storyboard */,
				C62FBAD92DE94D2C009AD7D3 /* Assets.xcassets */,
				C62FBADB2DE94D2C009AD7D3 /* Info.plist */,
				C62FBADD2DE94D2C009AD7D3 /* YouTube No Translation.entitlements */,
				C62FBACA2DE94D2B009AD7D3 /* Resources */,
			);
			path = "YouTube No Translation";
			sourceTree = "<group>";
		};
		C62FBACA2DE94D2B009AD7D3 /* Resources */ = {
			isa = PBXGroup;
			children = (
				6AB4C9D02EA38F0800D882D6 /* icon.png */,
				C62FBACB2DE94D2B009AD7D3 /* Main.html */,
				C62FBAD02DE94D2B009AD7D3 /* Style.css */,
				C62FBAD22DE94D2B009AD7D3 /* Script.js */,
			);
			path = Resources;
			sourceTree = "<group>";
		};
		C62FBAE52DE94D2C009AD7D3 /* YouTube No TranslationTests */ = {
			isa = PBXGroup;
			children = (
				C62FBAE62DE94D2C009AD7D3 /* YouTube_No_TranslationTests.swift */,
			);
			path = "YouTube No TranslationTests";
			sourceTree = "<group>";
		};
		C62FBAEF2DE94D2C009AD7D3 /* YouTube No TranslationUITests */ = {
			isa = PBXGroup;
			children = (
				C62FBAF02DE94D2C009AD7D3 /* YouTube_No_TranslationUITests.swift */,
				C62FBAF22DE94D2C009AD7D3 /* YouTube_No_TranslationUITestsLaunchTests.swift */,
			);
			path = "YouTube No TranslationUITests";
			sourceTree = "<group>";
		};
		C62FBAFC2DE94D2C009AD7D3 /* YouTube No Translation Extension */ = {
			isa = PBXGroup;
			children = (
				C62FBB102DE94D2C009AD7D3 /* Resources */,
				C62FBAFD2DE94D2C009AD7D3 /* SafariWebExtensionHandler.swift */,
				C62FBAFF2DE94D2C009AD7D3 /* Info.plist */,
				C62FBB002DE94D2C009AD7D3 /* YouTube_No_Translation_Extension.entitlements */,
			);
			path = "YouTube No Translation Extension";
			sourceTree = "<group>";
		};
		C62FBB102DE94D2C009AD7D3 /* Resources */ = {
			isa = PBXGroup;
			children = (
				6AEA401A2EAA29B300EC10F3 /* CHANGELOG.md */,
				C62FBB122DE94D2C009AD7D3 /* tailwind.config.js */,
				C62FBB152DE94D2C009AD7D3 /* LICENSE */,
				C62FBB162DE94D2C009AD7D3 /* dist */,
				C62FBB172DE94D2C009AD7D3 /* node_modules */,
				C62FBB1B2DE94D2C009AD7D3 /* README.md */,
				C62FBB1C2DE94D2C009AD7D3 /* package-lock.json */,
				C62FBB1D2DE94D2C009AD7D3 /* package.json */,
				C62FBB1E2DE94D2C009AD7D3 /* manifest.json */,
				C62FBB1F2DE94D2C009AD7D3 /* assets */,
				C62FBB212DE94D2C009AD7D3 /* safari-extension */,
				C62FBB232DE94D2C009AD7D3 /* src */,
			);
			name = Resources;
			path = "YouTube No Translation Extension";
			sourceTree = SOURCE_ROOT;
		};
/* End PBXGroup section */

/* Begin PBXNativeTarget section */
		C62FBAC42DE94D2B009AD7D3 /* YouTube No Translation */ = {
			isa = PBXNativeTarget;
			buildConfigurationList = C62FBB072DE94D2C009AD7D3 /* Build configuration list for PBXNativeTarget "YouTube No Translation" */;
			buildPhases = (
				C62FBAC12DE94D2B009AD7D3 /* Sources */,
				C62FBAC22DE94D2B009AD7D3 /* Frameworks */,
				C62FBAC32DE94D2B009AD7D3 /* Resources */,
				C62FBB062DE94D2C009AD7D3 /* Embed Foundation Extensions */,
			);
			buildRules = (
			);
			dependencies = (
				C62FBAFB2DE94D2C009AD7D3 /* PBXTargetDependency */,
			);
			name = "YouTube No Translation";
			packageProductDependencies = (
			);
			productName = "YouTube No Translation";
			productReference = C62FBAC52DE94D2B009AD7D3 /* YouTube No Translation.app */;
			productType = "com.apple.product-type.application";
		};
		C62FBAE12DE94D2C009AD7D3 /* YouTube No TranslationTests */ = {
			isa = PBXNativeTarget;
			buildConfigurationList = C62FBB0A2DE94D2C009AD7D3 /* Build configuration list for PBXNativeTarget "YouTube No TranslationTests" */;
			buildPhases = (
				C62FBADE2DE94D2C009AD7D3 /* Sources */,
				C62FBADF2DE94D2C009AD7D3 /* Frameworks */,
				C62FBAE02DE94D2C009AD7D3 /* Resources */,
			);
			buildRules = (
			);
			dependencies = (
				C62FBAE42DE94D2C009AD7D3 /* PBXTargetDependency */,
			);
			name = "YouTube No TranslationTests";
			packageProductDependencies = (
			);
			productName = "YouTube No TranslationTests";
			productReference = C62FBAE22DE94D2C009AD7D3 /* YouTube No TranslationTests.xctest */;
			productType = "com.apple.product-type.bundle.unit-test";
		};
		C62FBAEB2DE94D2C009AD7D3 /* YouTube No TranslationUITests */ = {
			isa = PBXNativeTarget;
			buildConfigurationList = C62FBB0D2DE94D2C009AD7D3 /* Build configuration list for PBXNativeTarget "YouTube No TranslationUITests" */;
			buildPhases = (
				C62FBAE82DE94D2C009AD7D3 /* Sources */,
				C62FBAE92DE94D2C009AD7D3 /* Frameworks */,
				C62FBAEA2DE94D2C009AD7D3 /* Resources */,
			);
			buildRules = (
			);
			dependencies = (
				C62FBAEE2DE94D2C009AD7D3 /* PBXTargetDependency */,
			);
			name = "YouTube No TranslationUITests";
			packageProductDependencies = (
			);
			productName = "YouTube No TranslationUITests";
			productReference = C62FBAEC2DE94D2C009AD7D3 /* YouTube No TranslationUITests.xctest */;
			productType = "com.apple.product-type.bundle.ui-testing";
		};
		C62FBAF72DE94D2C009AD7D3 /* YouTube No Translation Extension */ = {
			isa = PBXNativeTarget;
			buildConfigurationList = C62FBB032DE94D2C009AD7D3 /* Build configuration list for PBXNativeTarget "YouTube No Translation Extension" */;
			buildPhases = (
				C62FBAF42DE94D2C009AD7D3 /* Sources */,
				C62FBAF52DE94D2C009AD7D3 /* Frameworks */,
				C62FBAF62DE94D2C009AD7D3 /* Resources */,
			);
			buildRules = (
			);
			dependencies = (
			);
			name = "YouTube No Translation Extension";
			packageProductDependencies = (
			);
			productName = "YouTube No Translation Extension";
			productReference = C62FBAF82DE94D2C009AD7D3 /* YouTube No Translation Extension.appex */;
			productType = "com.apple.product-type.app-extension";
		};
/* End PBXNativeTarget section */

/* Begin PBXProject section */
		C62FBABD2DE94D2B009AD7D3 /* Project object */ = {
			isa = PBXProject;
			attributes = {
				BuildIndependentTargetsInParallel = 1;
				LastSwiftUpdateCheck = 1640;
				LastUpgradeCheck = 1640;
				TargetAttributes = {
					C62FBAC42DE94D2B009AD7D3 = {
						CreatedOnToolsVersion = 16.4;
					};
					C62FBAE12DE94D2C009AD7D3 = {
						CreatedOnToolsVersion = 16.4;
						TestTargetID = C62FBAC42DE94D2B009AD7D3;
					};
					C62FBAEB2DE94D2C009AD7D3 = {
						CreatedOnToolsVersion = 16.4;
						TestTargetID = C62FBAC42DE94D2B009AD7D3;
					};
					C62FBAF72DE94D2C009AD7D3 = {
						CreatedOnToolsVersion = 16.4;
					};
				};
			};
			buildConfigurationList = C62FBAC02DE94D2B009AD7D3 /* Build configuration list for PBXProject "YouTube No Translation" */;
			developmentRegion = en;
			hasScannedForEncodings = 0;
			knownRegions = (
				en,
				Base,
			);
			mainGroup = C62FBABC2DE94D2B009AD7D3;
			minimizedProjectReferenceProxies = 1;
			preferredProjectObjectVersion = 77;
			productRefGroup = C62FBAC62DE94D2B009AD7D3 /* Products */;
			projectDirPath = "";
			projectRoot = "";
			targets = (
				C62FBAC42DE94D2B009AD7D3 /* YouTube No Translation */,
				C62FBAE12DE94D2C009AD7D3 /* YouTube No TranslationTests */,
				C62FBAEB2DE94D2C009AD7D3 /* YouTube No TranslationUITests */,
				C62FBAF72DE94D2C009AD7D3 /* YouTube No Translation Extension */,
			);
		};
/* End PBXProject section */

/* Begin PBXResourcesBuildPhase section */
		C62FBAC32DE94D2B009AD7D3 /* Resources */ = {
			isa = PBXResourcesBuildPhase;
			buildActionMask = 2147483647;
			files = (
				C62FBAD82DE94D2B009AD7D3 /* Main.storyboard in Resources */,
				C62FBAD32DE94D2B009AD7D3 /* Script.js in Resources */,
				6AB4C9D12EA38F0800D882D6 /* icon.png in Resources */,
				C62FBACD2DE94D2B009AD7D3 /* Main.html in Resources */,
				C62FBADA2DE94D2C009AD7D3 /* Assets.xcassets in Resources */,
				C62FBAD12DE94D2B009AD7D3 /* Style.css in Resources */,
			);
			runOnlyForDeploymentPostprocessing = 0;
		};
		C62FBAE02DE94D2C009AD7D3 /* Resources */ = {
			isa = PBXResourcesBuildPhase;
			buildActionMask = 2147483647;
			files = (
			);
			runOnlyForDeploymentPostprocessing = 0;
		};
		C62FBAEA2DE94D2C009AD7D3 /* Resources */ = {
			isa = PBXResourcesBuildPhase;
			buildActionMask = 2147483647;
			files = (
			);
			runOnlyForDeploymentPostprocessing = 0;
		};
		C62FBAF62DE94D2C009AD7D3 /* Resources */ = {
			isa = PBXResourcesBuildPhase;
			buildActionMask = 2147483647;
			files = (
				6A0038A02EEBF3DE0027058C /* _locales in Resources */,
				6AEA401B2EAA29B300EC10F3 /* CHANGELOG.md in Resources */,
				C62FBB292DE94D2C009AD7D3 /* dist in Resources */,
				C62FBB312DE94D2C009AD7D3 /* manifest.json in Resources */,
				C62FBB282DE94D2C009AD7D3 /* LICENSE in Resources */,
			);
			runOnlyForDeploymentPostprocessing = 0;
		};
/* End PBXResourcesBuildPhase section */

/* Begin PBXSourcesBuildPhase section */
		C62FBAC12DE94D2B009AD7D3 /* Sources */ = {
			isa = PBXSourcesBuildPhase;
			buildActionMask = 2147483647;
			files = (
				C62FBAD52DE94D2B009AD7D3 /* ViewController.swift in Sources */,
				C62FBAC92DE94D2B009AD7D3 /* AppDelegate.swift in Sources */,
			);
			runOnlyForDeploymentPostprocessing = 0;
		};
		C62FBADE2DE94D2C009AD7D3 /* Sources */ = {
			isa = PBXSourcesBuildPhase;
			buildActionMask = 2147483647;
			files = (
				C62FBAE72DE94D2C009AD7D3 /* YouTube_No_TranslationTests.swift in Sources */,
			);
			runOnlyForDeploymentPostprocessing = 0;
		};
		C62FBAE82DE94D2C009AD7D3 /* Sources */ = {
			isa = PBXSourcesBuildPhase;
			buildActionMask = 2147483647;
			files = (
				C62FBAF12DE94D2C009AD7D3 /* YouTube_No_TranslationUITests.swift in Sources */,
				C62FBAF32DE94D2C009AD7D3 /* YouTube_No_TranslationUITestsLaunchTests.swift in Sources */,
			);
			runOnlyForDeploymentPostprocessing = 0;
		};
		C62FBAF42DE94D2C009AD7D3 /* Sources */ = {
			isa = PBXSourcesBuildPhase;
			buildActionMask = 2147483647;
			files = (
				C62FBAFE2DE94D2C009AD7D3 /* SafariWebExtensionHandler.swift in Sources */,
			);
			runOnlyForDeploymentPostprocessing = 0;
		};
/* End PBXSourcesBuildPhase section */

/* Begin PBXTargetDependency section */
		C62FBAE42DE94D2C009AD7D3 /* PBXTargetDependency */ = {
			isa = PBXTargetDependency;
			target = C62FBAC42DE94D2B009AD7D3 /* YouTube No Translation */;
			targetProxy = C62FBAE32DE94D2C009AD7D3 /* PBXContainerItemProxy */;
		};
		C62FBAEE2DE94D2C009AD7D3 /* PBXTargetDependency */ = {
			isa = PBXTargetDependency;
			target = C62FBAC42DE94D2B009AD7D3 /* YouTube No Translation */;
			targetProxy = C62FBAED2DE94D2C009AD7D3 /* PBXContainerItemProxy */;
		};
		C62FBAFB2DE94D2C009AD7D3 /* PBXTargetDependency */ = {
			isa = PBXTargetDependency;
			target = C62FBAF72DE94D2C009AD7D3 /* YouTube No Translation Extension */;
			targetProxy = C62FBAFA2DE94D2C009AD7D3 /* PBXContainerItemProxy */;
		};
/* End PBXTargetDependency section */

/* Begin PBXVariantGroup section */
		C62FBACB2DE94D2B009AD7D3 /* Main.html */ = {
			isa = PBXVariantGroup;
			children = (
				C62FBACC2DE94D2B009AD7D3 /* Base */,
			);
			name = Main.html;
			sourceTree = "<group>";
		};
		C62FBAD62DE94D2B009AD7D3 /* Main.storyboard */ = {
			isa = PBXVariantGroup;
			children = (
				C62FBAD72DE94D2B009AD7D3 /* Base */,
			);
			name = Main.storyboard;
			sourceTree = "<group>";
		};
/* End PBXVariantGroup section */

/* Begin XCBuildConfiguration section */
		C62FBB012DE94D2C009AD7D3 /* Debug */ = {
			isa = XCBuildConfiguration;
			buildSettings = {
				ALWAYS_SEARCH_USER_PATHS = NO;
				ASSETCATALOG_COMPILER_GENERATE_SWIFT_ASSET_SYMBOL_EXTENSIONS = YES;
				CLANG_ANALYZER_NONNULL = YES;
				CLANG_ANALYZER_NUMBER_OBJECT_CONVERSION = YES_AGGRESSIVE;
				CLANG_CXX_LANGUAGE_STANDARD = "gnu++20";
				CLANG_ENABLE_MODULES = YES;
				CLANG_ENABLE_OBJC_ARC = YES;
				CLANG_ENABLE_OBJC_WEAK = YES;
				CLANG_WARN_BLOCK_CAPTURE_AUTORELEASING = YES;
				CLANG_WARN_BOOL_CONVERSION = YES;
				CLANG_WARN_COMMA = YES;
				CLANG_WARN_CONSTANT_CONVERSION = YES;
				CLANG_WARN_DEPRECATED_OBJC_IMPLEMENTATIONS = YES;
				CLANG_WARN_DIRECT_OBJC_ISA_USAGE = YES_ERROR;
				CLANG_WARN_DOCUMENTATION_COMMENTS = YES;
				CLANG_WARN_EMPTY_BODY = YES;
				CLANG_WARN_ENUM_CONVERSION = YES;
				CLANG_WARN_INFINITE_RECURSION = YES;
				CLANG_WARN_INT_CONVERSION = YES;
				CLANG_WARN_NON_LITERAL_NULL_CONVERSION = YES;
				CLANG_WARN_OBJC_IMPLICIT_RETAIN_SELF = YES;
				CLANG_WARN_OBJC_LITERAL_CONVERSION = YES;
				CLANG_WARN_OBJC_ROOT_CLASS = YES_ERROR;
				CLANG_WARN_QUOTED_INCLUDE_IN_FRAMEWORK_HEADER = YES;
				CLANG_WARN_RANGE_LOOP_ANALYSIS = YES;
				CLANG_WARN_STRICT_PROTOTYPES = YES;
				CLANG_WARN_SUSPICIOUS_MOVE = YES;
				CLANG_WARN_UNGUARDED_AVAILABILITY = YES_AGGRESSIVE;
				CLANG_WARN_UNREACHABLE_CODE = YES;
				CLANG_WARN__DUPLICATE_METHOD_MATCH = YES;
				COPY_PHASE_STRIP = NO;
				DEBUG_INFORMATION_FORMAT = dwarf;
				ENABLE_STRICT_OBJC_MSGSEND = YES;
				ENABLE_TESTABILITY = YES;
				ENABLE_USER_SCRIPT_SANDBOXING = YES;
				GCC_C_LANGUAGE_STANDARD = gnu17;
				GCC_DYNAMIC_NO_PIC = NO;
				GCC_NO_COMMON_BLOCKS = YES;
				GCC_OPTIMIZATION_LEVEL = 0;
				GCC_PREPROCESSOR_DEFINITIONS = (
					"DEBUG=1",
					"$(inherited)",
				);
				GCC_WARN_64_TO_32_BIT_CONVERSION = YES;
				GCC_WARN_ABOUT_RETURN_TYPE = YES_ERROR;
				GCC_WARN_UNDECLARED_SELECTOR = YES;
				GCC_WARN_UNINITIALIZED_AUTOS = YES_AGGRESSIVE;
				GCC_WARN_UNUSED_FUNCTION = YES;
				GCC_WARN_UNUSED_VARIABLE = YES;
				LOCALIZATION_PREFERS_STRING_CATALOGS = YES;
				MACOSX_DEPLOYMENT_TARGET = 15.5;
				MTL_ENABLE_DEBUG_INFO = INCLUDE_SOURCE;
				MTL_FAST_MATH = YES;
				ONLY_ACTIVE_ARCH = YES;
				SDKROOT = macosx;
				SWIFT_ACTIVE_COMPILATION_CONDITIONS = "DEBUG $(inherited)";
				SWIFT_OPTIMIZATION_LEVEL = "-Onone";
			};
			name = Debug;
		};
		C62FBB022DE94D2C009AD7D3 /* Release */ = {
			isa = XCBuildConfiguration;
			buildSettings = {
				ALWAYS_SEARCH_USER_PATHS = NO;
				ASSETCATALOG_COMPILER_GENERATE_SWIFT_ASSET_SYMBOL_EXTENSIONS = YES;
				CLANG_ANALYZER_NONNULL = YES;
				CLANG_ANALYZER_NUMBER_OBJECT_CONVERSION = YES_AGGRESSIVE;
				CLANG_CXX_LANGUAGE_STANDARD = "gnu++20";
				CLANG_ENABLE_MODULES = YES;
				CLANG_ENABLE_OBJC_ARC = YES;
				CLANG_ENABLE_OBJC_WEAK = YES;
				CLANG_WARN_BLOCK_CAPTURE_AUTORELEASING = YES;
				CLANG_WARN_BOOL_CONVERSION = YES;
				CLANG_WARN_COMMA = YES;
				CLANG_WARN_CONSTANT_CONVERSION = YES;
				CLANG_WARN_DEPRECATED_OBJC_IMPLEMENTATIONS = YES;
				CLANG_WARN_DIRECT_OBJC_ISA_USAGE = YES_ERROR;
				CLANG_WARN_DOCUMENTATION_COMMENTS = YES;
				CLANG_WARN_EMPTY_BODY = YES;
				CLANG_WARN_ENUM_CONVERSION = YES;
				CLANG_WARN_INFINITE_RECURSION = YES;
				CLANG_WARN_INT_CONVERSION = YES;
				CLANG_WARN_NON_LITERAL_NULL_CONVERSION = YES;
				CLANG_WARN_OBJC_IMPLICIT_RETAIN_SELF = YES;
				CLANG_WARN_OBJC_LITERAL_CONVERSION = YES;
				CLANG_WARN_OBJC_ROOT_CLASS = YES_ERROR;
				CLANG_WARN_QUOTED_INCLUDE_IN_FRAMEWORK_HEADER = YES;
				CLANG_WARN_RANGE_LOOP_ANALYSIS = YES;
				CLANG_WARN_STRICT_PROTOTYPES = YES;
				CLANG_WARN_SUSPICIOUS_MOVE = YES;
				CLANG_WARN_UNGUARDED_AVAILABILITY = YES_AGGRESSIVE;
				CLANG_WARN_UNREACHABLE_CODE = YES;
				CLANG_WARN__DUPLICATE_METHOD_MATCH = YES;
				COPY_PHASE_STRIP = NO;
				DEBUG_INFORMATION_FORMAT = "dwarf-with-dsym";
				ENABLE_NS_ASSERTIONS = NO;
				ENABLE_STRICT_OBJC_MSGSEND = YES;
				ENABLE_USER_SCRIPT_SANDBOXING = YES;
				GCC_C_LANGUAGE_STANDARD = gnu17;
				GCC_NO_COMMON_BLOCKS = YES;
				GCC_WARN_64_TO_32_BIT_CONVERSION = YES;
				GCC_WARN_ABOUT_RETURN_TYPE = YES_ERROR;
				GCC_WARN_UNDECLARED_SELECTOR = YES;
				GCC_WARN_UNINITIALIZED_AUTOS = YES_AGGRESSIVE;
				GCC_WARN_UNUSED_FUNCTION = YES;
				GCC_WARN_UNUSED_VARIABLE = YES;
				LOCALIZATION_PREFERS_STRING_CATALOGS = YES;
				MACOSX_DEPLOYMENT_TARGET = 15.5;
				MTL_ENABLE_DEBUG_INFO = NO;
				MTL_FAST_MATH = YES;
				ONLY_ACTIVE_ARCH = NO;
				SDKROOT = macosx;
				SWIFT_COMPILATION_MODE = wholemodule;
			};
			name = Release;
		};
		C62FBB042DE94D2C009AD7D3 /* Debug */ = {
			isa = XCBuildConfiguration;
			buildSettings = {
				CODE_SIGN_ENTITLEMENTS = "YouTube No Translation Extension/YouTube_No_Translation_Extension.entitlements";
				CODE_SIGN_STYLE = Automatic;
				CURRENT_PROJECT_VERSION = 6;
				ENABLE_HARDENED_RUNTIME = YES;
				GENERATE_INFOPLIST_FILE = YES;
				INFOPLIST_FILE = "YouTube No Translation Extension/Info.plist";
				INFOPLIST_KEY_CFBundleDisplayName = "No Translation for YouTube Extension";
				INFOPLIST_KEY_NSHumanReadableCopyright = "";
				LD_RUNPATH_SEARCH_PATHS = (
					"$(inherited)",
					"@executable_path/../Frameworks",
					"@executable_path/../../../../Frameworks",
				);
				MACOSX_DEPLOYMENT_TARGET = 10.14;
				MARKETING_VERSION = 2.20.0;
				OTHER_LDFLAGS = (
					"-framework",
					SafariServices,
				);
				PRODUCT_BUNDLE_IDENTIFIER = "com.YouGo.YouTube-No-Translation.Extension";
				PRODUCT_NAME = "$(TARGET_NAME)";
				SKIP_INSTALL = YES;
				SWIFT_EMIT_LOC_STRINGS = YES;
				SWIFT_VERSION = 5.0;
			};
			name = Debug;
		};
		C62FBB052DE94D2C009AD7D3 /* Release */ = {
			isa = XCBuildConfiguration;
			buildSettings = {
				CODE_SIGN_ENTITLEMENTS = "YouTube No Translation Extension/YouTube_No_Translation_Extension.entitlements";
				CODE_SIGN_STYLE = Automatic;
				CURRENT_PROJECT_VERSION = 6;
				DEVELOPMENT_TEAM = J36MVR82CP;
				ENABLE_APP_SANDBOX = YES;
				ENABLE_HARDENED_RUNTIME = YES;
				ENABLE_INCOMING_NETWORK_CONNECTIONS = NO;
				ENABLE_OUTGOING_NETWORK_CONNECTIONS = NO;
				ENABLE_RESOURCE_ACCESS_AUDIO_INPUT = NO;
				ENABLE_RESOURCE_ACCESS_BLUETOOTH = NO;
				ENABLE_RESOURCE_ACCESS_CALENDARS = NO;
				ENABLE_RESOURCE_ACCESS_CAMERA = NO;
				ENABLE_RESOURCE_ACCESS_CONTACTS = NO;
				ENABLE_RESOURCE_ACCESS_LOCATION = NO;
				ENABLE_RESOURCE_ACCESS_PRINTING = NO;
				ENABLE_RESOURCE_ACCESS_USB = NO;
				GENERATE_INFOPLIST_FILE = YES;
				INFOPLIST_FILE = "YouTube No Translation Extension/Info.plist";
				INFOPLIST_KEY_CFBundleDisplayName = "No Translation for YouTube Extension";
				INFOPLIST_KEY_NSHumanReadableCopyright = "";
				LD_RUNPATH_SEARCH_PATHS = (
					"$(inherited)",
					"@executable_path/../Frameworks",
					"@executable_path/../../../../Frameworks",
				);
				MACOSX_DEPLOYMENT_TARGET = 10.14;
				MARKETING_VERSION = 2.20.0;
				OTHER_LDFLAGS = (
					"-framework",
					SafariServices,
				);
				PRODUCT_BUNDLE_IDENTIFIER = "com.YouGo.YouTube-No-Translation.Extension";
				PRODUCT_NAME = "$(TARGET_NAME)";
				SKIP_INSTALL = YES;
				SWIFT_EMIT_LOC_STRINGS = YES;
				SWIFT_VERSION = 5.0;
			};
			name = Release;
		};
		C62FBB082DE94D2C009AD7D3 /* Debug */ = {
			isa = XCBuildConfiguration;
			buildSettings = {
				ASSETCATALOG_COMPILER_APPICON_NAME = AppIcon;
				ASSETCATALOG_COMPILER_GLOBAL_ACCENT_COLOR_NAME = AccentColor;
				ASSETCATALOG_COMPILER_INCLUDE_ALL_APPICON_ASSETS = YES;
				CODE_SIGN_ENTITLEMENTS = "YouTube No Translation/YouTube No Translation.entitlements";
				CODE_SIGN_STYLE = Automatic;
				COMBINE_HIDPI_IMAGES = YES;
				CURRENT_PROJECT_VERSION = 6;
				DEVELOPMENT_TEAM = "";
				ENABLE_APP_SANDBOX = YES;
				ENABLE_HARDENED_RUNTIME = YES;
				ENABLE_INCOMING_NETWORK_CONNECTIONS = NO;
				ENABLE_OUTGOING_NETWORK_CONNECTIONS = YES;
				ENABLE_RESOURCE_ACCESS_AUDIO_INPUT = NO;
				ENABLE_RESOURCE_ACCESS_BLUETOOTH = NO;
				ENABLE_RESOURCE_ACCESS_CALENDARS = NO;
				ENABLE_RESOURCE_ACCESS_CAMERA = NO;
				ENABLE_RESOURCE_ACCESS_CONTACTS = NO;
				ENABLE_RESOURCE_ACCESS_LOCATION = NO;
				ENABLE_RESOURCE_ACCESS_PRINTING = NO;
				ENABLE_RESOURCE_ACCESS_USB = NO;
				ENABLE_USER_SELECTED_FILES = readonly;
				GENERATE_INFOPLIST_FILE = YES;
				INFOPLIST_FILE = "YouTube No Translation/Info.plist";
				INFOPLIST_KEY_CFBundleDisplayName = "No Translation for YouTube";
				INFOPLIST_KEY_LSApplicationCategoryType = "public.app-category.entertainment";
				INFOPLIST_KEY_NSHumanReadableCopyright = "";
				INFOPLIST_KEY_NSMainStoryboardFile = Main;
				INFOPLIST_KEY_NSPrincipalClass = NSApplication;
				LD_RUNPATH_SEARCH_PATHS = (
					"$(inherited)",
					"@executable_path/../Frameworks",
				);
				MACOSX_DEPLOYMENT_TARGET = 10.14;
				MARKETING_VERSION = 2.20.0;
				OTHER_LDFLAGS = (
					"-framework",
					SafariServices,
					"-framework",
					WebKit,
				);
				PRODUCT_BUNDLE_IDENTIFIER = "com.YouGo.YouTube-No-Translation";
				PRODUCT_NAME = "$(TARGET_NAME)";
				REGISTER_APP_GROUPS = YES;
				SWIFT_EMIT_LOC_STRINGS = YES;
				SWIFT_VERSION = 5.0;
			};
			name = Debug;
		};
		C62FBB092DE94D2C009AD7D3 /* Release */ = {
			isa = XCBuildConfiguration;
			buildSettings = {
				ASSETCATALOG_COMPILER_APPICON_NAME = AppIcon;
				ASSETCATALOG_COMPILER_GLOBAL_ACCENT_COLOR_NAME = AccentColor;
				ASSETCATALOG_COMPILER_INCLUDE_ALL_APPICON_ASSETS = YES;
				CODE_SIGN_ENTITLEMENTS = "YouTube No Translation/YouTube No Translation.entitlements";
				"CODE_SIGN_IDENTITY[sdk=macosx*]" = "Apple Development";
				CODE_SIGN_STYLE = Automatic;
				COMBINE_HIDPI_IMAGES = YES;
				CURRENT_PROJECT_VERSION = 6;
				DEVELOPMENT_TEAM = J36MVR82CP;
				ENABLE_APP_SANDBOX = YES;
				ENABLE_HARDENED_RUNTIME = YES;
				ENABLE_INCOMING_NETWORK_CONNECTIONS = NO;
				ENABLE_OUTGOING_NETWORK_CONNECTIONS = YES;
				ENABLE_RESOURCE_ACCESS_AUDIO_INPUT = NO;
				ENABLE_RESOURCE_ACCESS_BLUETOOTH = NO;
				ENABLE_RESOURCE_ACCESS_CALENDARS = NO;
				ENABLE_RESOURCE_ACCESS_CAMERA = NO;
				ENABLE_RESOURCE_ACCESS_CONTACTS = NO;
				ENABLE_RESOURCE_ACCESS_LOCATION = NO;
				ENABLE_RESOURCE_ACCESS_PRINTING = NO;
				ENABLE_RESOURCE_ACCESS_USB = NO;
				ENABLE_USER_SELECTED_FILES = readonly;
				GENERATE_INFOPLIST_FILE = YES;
				INFOPLIST_FILE = "YouTube No Translation/Info.plist";
				INFOPLIST_KEY_CFBundleDisplayName = "No Translation for YouTube";
				INFOPLIST_KEY_LSApplicationCategoryType = "public.app-category.entertainment";
				INFOPLIST_KEY_NSHumanReadableCopyright = "";
				INFOPLIST_KEY_NSMainStoryboardFile = Main;
				INFOPLIST_KEY_NSPrincipalClass = NSApplication;
				LD_RUNPATH_SEARCH_PATHS = (
					"$(inherited)",
					"@executable_path/../Frameworks",
				);
				MACOSX_DEPLOYMENT_TARGET = 10.14;
				MARKETING_VERSION = 2.20.0;
				OTHER_LDFLAGS = (
					"-framework",
					SafariServices,
					"-framework",
					WebKit,
				);
				PRODUCT_BUNDLE_IDENTIFIER = "com.YouGo.YouTube-No-Translation";
				PRODUCT_NAME = "$(TARGET_NAME)";
				REGISTER_APP_GROUPS = YES;
				SWIFT_EMIT_LOC_STRINGS = YES;
				SWIFT_VERSION = 5.0;
			};
			name = Release;
		};
		C62FBB0B2DE94D2C009AD7D3 /* Debug */ = {
			isa = XCBuildConfiguration;
			buildSettings = {
				BUNDLE_LOADER = "$(TEST_HOST)";
				CODE_SIGN_STYLE = Automatic;
				CURRENT_PROJECT_VERSION = 1;
				GENERATE_INFOPLIST_FILE = YES;
				MACOSX_DEPLOYMENT_TARGET = 10.14;
				MARKETING_VERSION = 1.0;
				PRODUCT_BUNDLE_IDENTIFIER = "com.YouGo.YouTube-No-TranslationTests";
				PRODUCT_NAME = "$(TARGET_NAME)";
				SWIFT_EMIT_LOC_STRINGS = NO;
				SWIFT_VERSION = 5.0;
				TEST_HOST = "$(BUILT_PRODUCTS_DIR)/YouTube No Translation.app/$(BUNDLE_EXECUTABLE_FOLDER_PATH)/YouTube No Translation";
			};
			name = Debug;
		};
		C62FBB0C2DE94D2C009AD7D3 /* Release */ = {
			isa = XCBuildConfiguration;
			buildSettings = {
				BUNDLE_LOADER = "$(TEST_HOST)";
				CODE_SIGN_STYLE = Automatic;
				CURRENT_PROJECT_VERSION = 1;
				GENERATE_INFOPLIST_FILE = YES;
				MACOSX_DEPLOYMENT_TARGET = 10.14;
				MARKETING_VERSION = 1.0;
				PRODUCT_BUNDLE_IDENTIFIER = "com.YouGo.YouTube-No-TranslationTests";
				PRODUCT_NAME = "$(TARGET_NAME)";
				SWIFT_EMIT_LOC_STRINGS = NO;
				SWIFT_VERSION = 5.0;
				TEST_HOST = "$(BUILT_PRODUCTS_DIR)/YouTube No Translation.app/$(BUNDLE_EXECUTABLE_FOLDER_PATH)/YouTube No Translation";
			};
			name = Release;
		};
		C62FBB0E2DE94D2C009AD7D3 /* Debug */ = {
			isa = XCBuildConfiguration;
			buildSettings = {
				CODE_SIGN_STYLE = Automatic;
				CURRENT_PROJECT_VERSION = 1;
				GENERATE_INFOPLIST_FILE = YES;
				MARKETING_VERSION = 1.0;
				PRODUCT_BUNDLE_IDENTIFIER = "com.YouGo.YouTube-No-TranslationUITests";
				PRODUCT_NAME = "$(TARGET_NAME)";
				SWIFT_EMIT_LOC_STRINGS = NO;
				SWIFT_VERSION = 5.0;
				TEST_TARGET_NAME = "YouTube No Translation";
			};
			name = Debug;
		};
		C62FBB0F2DE94D2C009AD7D3 /* Release */ = {
			isa = XCBuildConfiguration;
			buildSettings = {
				CODE_SIGN_STYLE = Automatic;
				CURRENT_PROJECT_VERSION = 1;
				GENERATE_INFOPLIST_FILE = YES;
				MARKETING_VERSION = 1.0;
				PRODUCT_BUNDLE_IDENTIFIER = "com.YouGo.YouTube-No-TranslationUITests";
				PRODUCT_NAME = "$(TARGET_NAME)";
				SWIFT_EMIT_LOC_STRINGS = NO;
				SWIFT_VERSION = 5.0;
				TEST_TARGET_NAME = "YouTube No Translation";
			};
			name = Release;
		};
/* End XCBuildConfiguration section */

/* Begin XCConfigurationList section */
		C62FBAC02DE94D2B009AD7D3 /* Build configuration list for PBXProject "YouTube No Translation" */ = {
			isa = XCConfigurationList;
			buildConfigurations = (
				C62FBB012DE94D2C009AD7D3 /* Debug */,
				C62FBB022DE94D2C009AD7D3 /* Release */,
			);
			defaultConfigurationIsVisible = 0;
			defaultConfigurationName = Release;
		};
		C62FBB032DE94D2C009AD7D3 /* Build configuration list for PBXNativeTarget "YouTube No Translation Extension" */ = {
			isa = XCConfigurationList;
			buildConfigurations = (
				C62FBB042DE94D2C009AD7D3 /* Debug */,
				C62FBB052DE94D2C009AD7D3 /* Release */,
			);
			defaultConfigurationIsVisible = 0;
			defaultConfigurationName = Release;
		};
		C62FBB072DE94D2C009AD7D3 /* Build configuration list for PBXNativeTarget "YouTube No Translation" */ = {
			isa = XCConfigurationList;
			buildConfigurations = (
				C62FBB082DE94D2C009AD7D3 /* Debug */,
				C62FBB092DE94D2C009AD7D3 /* Release */,
			);
			defaultConfigurationIsVisible = 0;
			defaultConfigurationName = Release;
		};
		C62FBB0A2DE94D2C009AD7D3 /* Build configuration list for PBXNativeTarget "YouTube No TranslationTests" */ = {
			isa = XCConfigurationList;
			buildConfigurations = (
				C62FBB0B2DE94D2C009AD7D3 /* Debug */,
				C62FBB0C2DE94D2C009AD7D3 /* Release */,
			);
			defaultConfigurationIsVisible = 0;
			defaultConfigurationName = Release;
		};
		C62FBB0D2DE94D2C009AD7D3 /* Build configuration list for PBXNativeTarget "YouTube No TranslationUITests" */ = {
			isa = XCConfigurationList;
			buildConfigurations = (
				C62FBB0E2DE94D2C009AD7D3 /* Debug */,
				C62FBB0F2DE94D2C009AD7D3 /* Release */,
			);
			defaultConfigurationIsVisible = 0;
			defaultConfigurationName = Release;
		};
/* End XCConfigurationList section */
	};
	rootObject = C62FBABD2DE94D2B009AD7D3 /* Project object */;
}
